
Microsoft Visual Studio Solution File, Format Version 12.00
# Visual Studio Version 17
VisualStudioVersion = 17.0.31710.8
MinimumVisualStudioVersion = 10.0.40219.1
Project("{FAE04EC0-301F-11D3-BF4B-00C04F79EFBC}") = "TestProject1", "TestProject1\TestProject1.csproj", "{036B0554-C877-4C70-8251-643FC23744EA}"
EndProject
Project("{FAE04EC0-301F-11D3-BF4B-00C04F79EFBC}") = "WpfApplication", "WpfApplication\WpfApplication.csproj", "{D02B9B89-92C1-4207-8018-BDF8031F73A3}"
EndProject
Project("{FAE04EC0-301F-11D3-BF4B-00C04F79EFBC}") = "PropertiesInMarkUp", "PropertiesInMarkUp\PropertiesInMarkUp.csproj", "{2259F80E-0F7B-402A-9471-34390D2899D3}"
EndProject
Project("{FAE04EC0-301F-11D3-BF4B-00C04F79EFBC}") = "EventsInMarkup", "EventsInMarkup\EventsInMarkup.csproj", "{A281FC7B-8CC5-4B22-B9A9-5E8FE9AD6030}"
EndProject
Project("{FAE04EC0-301F-11D3-BF4B-00C04F79EFBC}") = "_8Ball", "_8Ball\_8Ball.csproj", "{34D11BD9-432B-4BCD-B1B0-49C2B2BA4948}"
EndProject
Project("{FAE04EC0-301F-11D3-BF4B-00C04F79EFBC}") = "Variant6", "Variant6\Variant6.csproj", "{949E4EED-1EF8-46D5-B94C-7C230A1FF654}"
EndProject
Project("{FAE04EC0-301F-11D3-BF4B-00C04F79EFBC}") = "Variant8", "Variant8\Variant8.csproj", "{627FA2A2-5515-4F02-9C5C-32FA69096CD3}"
EndProject
Global
	GlobalSection(SolutionConfigurationPlatforms) = preSolution
		Debug|Any CPU = Debug|Any CPU
		Release|Any CPU = Release|Any CPU
	EndGlobalSection
	GlobalSection(ProjectConfigurationPlatforms) = postSolution
		{036B0554-C877-4C70-8251-643FC23744EA}.Debug|Any CPU.ActiveCfg = Debug|Any CPU
		{036B0554-C877-4C70-8251-643FC23744EA}.Debug|Any CPU.Build.0 = Debug|Any CPU
		{036B0554-C877-4C70-8251-643FC23744EA}.Release|Any CPU.ActiveCfg = Release|Any CPU
		{036B0554-C877-4C70-8251-643FC23744EA}.Release|Any CPU.Build.0 = Release|Any CPU
		{D02B9B89-92C1-4207-8018-BDF8031F73A3}.Debug|Any CPU.ActiveCfg = Debug|Any CPU
		{D02B9B89-92C1-4207-8018-BDF8031F73A3}.Debug|Any CPU.Build.0 = Debug|Any CPU
		{D02B9B89-92C1-4207-8018-BDF8031F73A3}.Release|Any CPU.ActiveCfg = Release|Any CPU
		{D02B9B89-92C1-4207-8018-BDF8031F73A3}.Release|Any CPU.Build.0 = Release|Any CPU
		{2259F80E-0F7B-402A-9471-34390D2899D3}.Debug|Any CPU.ActiveCfg = Debug|Any CPU
		{2259F80E-0F7B-402A-9471-34390D2899D3}.Debug|Any CPU.Build.0 = Debug|Any CPU
		{2259F80E-0F7B-402A-9471-34390D2899D3}.Release|Any CPU.ActiveCfg = Release|Any CPU
		{2259F80E-0F7B-402A-9471-34390D2899D3}.Release|Any CPU.Build.0 = Release|Any CPU
		{A281FC7B-8CC5-4B22-B9A9-5E8FE9AD6030}.Debug|Any CPU.ActiveCfg = Debug|Any CPU
		{A281FC7B-8CC5-4B22-B9A9-5E8FE9AD6030}.Debug|Any CPU.Build.0 = Debug|Any CPU
		{A281FC7B-8CC5-4B22-B9A9-5E8FE9AD6030}.Release|Any CPU.ActiveCfg = Release|Any CPU
		{A281FC7B-8CC5-4B22-B9A9-5E8FE9AD6030}.Release|Any CPU.Build.0 = Release|Any CPU
		{34D11BD9-432B-4BCD-B1B0-49C2B2BA4948}.Debug|Any CPU.ActiveCfg = Debug|Any CPU
		{34D11BD9-432B-4BCD-B1B0-49C2B2BA4948}.Debug|Any CPU.Build.0 = Debug|Any CPU
		{34D11BD9-432B-4BCD-B1B0-49C2B2BA4948}.Release|Any CPU.ActiveCfg = Release|Any CPU
		{34D11BD9-432B-4BCD-B1B0-49C2B2BA4948}.Release|Any CPU.Build.0 = Release|Any CPU
		{949E4EED-1EF8-46D5-B94C-7C230A1FF654}.Debug|Any CPU.ActiveCfg = Debug|Any CPU
		{949E4EED-1EF8-46D5-B94C-7C230A1FF654}.Debug|Any CPU.Build.0 = Debug|Any CPU
		{949E4EED-1EF8-46D5-B94C-7C230A1FF654}.Release|Any CPU.ActiveCfg = Release|Any CPU
		{949E4EED-1EF8-46D5-B94C-7C230A1FF654}.Release|Any CPU.Build.0 = Release|Any CPU
		{627FA2A2-5515-4F02-9C5C-32FA69096CD3}.Debug|Any CPU.ActiveCfg = Debug|Any CPU
		{627FA2A2-5515-4F02-9C5C-32FA69096CD3}.Debug|Any CPU.Build.0 = Debug|Any CPU
		{627FA2A2-5515-4F02-9C5C-32FA69096CD3}.Release|Any CPU.ActiveCfg = Release|Any CPU
		{627FA2A2-5515-4F02-9C5C-32FA69096CD3}.Release|Any CPU.Build.0 = Release|Any CPU
	EndGlobalSection
	GlobalSection(SolutionProperties) = preSolution
		HideSolutionNode = FALSE
	EndGlobalSection
	GlobalSection(ExtensibilityGlobals) = postSolution
		SolutionGuid = {125A9D4A-97F2-4653-B92E-75BC8A71C0FC}
	EndGlobalSection
EndGlobal
